
Microsoft Visual Studio Solution File, Format Version 12.00
# Visual Studio Version 17
VisualStudioVersion = 17.2.32526.322
MinimumVisualStudioVersion = 10.0.40219.1
Project("{FAE04EC0-301F-11D3-BF4B-00C04F79EFBC}") = "Stenguage", "Stenguage\Stenguage.csproj", "{FFA700CB-168C-4614-B46E-2E702CACF1C1}"
EndProject
Project("{FAE04EC0-301F-11D3-BF4B-00C04F79EFBC}") = "StandardLibrary", "StandardLibrary\StandardLibrary.csproj", "{28EF7F05-8156-47B9-B5C3-99CF6DF5F328}"
EndProject
Global
	GlobalSection(SolutionConfigurationPlatforms) = preSolution
		Debug|Any CPU = Debug|Any CPU
		Release|Any CPU = Release|Any CPU
	EndGlobalSection
	GlobalSection(ProjectConfigurationPlatforms) = postSolution
		{FFA700CB-168C-4614-B46E-2E702CACF1C1}.Debug|Any CPU.ActiveCfg = Debug|Any CPU
		{FFA700CB-168C-4614-B46E-2E702CACF1C1}.Debug|Any CPU.Build.0 = Debug|Any CPU
		{FFA700CB-168C-4614-B46E-2E702CACF1C1}.Release|Any CPU.ActiveCfg = Release|Any CPU
		{FFA700CB-168C-4614-B46E-2E702CACF1C1}.Release|Any CPU.Build.0 = Release|Any CPU
		{0B1593E3-7BA2-423D-817F-5A2FAF600F1E}.Debug|Any CPU.ActiveCfg = Debug|Any CPU
		{0B1593E3-7BA2-423D-817F-5A2FAF600F1E}.Debug|Any CPU.Build.0 = Debug|Any CPU
		{0B1593E3-7BA2-423D-817F-5A2FAF600F1E}.Release|Any CPU.ActiveCfg = Release|Any CPU
		{0B1593E3-7BA2-423D-817F-5A2FAF600F1E}.Release|Any CPU.Build.0 = Release|Any CPU
		{28EF7F05-8156-47B9-B5C3-99CF6DF5F328}.Debug|Any CPU.ActiveCfg = Debug|Any CPU
		{28EF7F05-8156-47B9-B5C3-99CF6DF5F328}.Debug|Any CPU.Build.0 = Debug|Any CPU
		{28EF7F05-8156-47B9-B5C3-99CF6DF5F328}.Release|Any CPU.ActiveCfg = Release|Any CPU
		{28EF7F05-8156-47B9-B5C3-99CF6DF5F328}.Release|Any CPU.Build.0 = Release|Any CPU
	EndGlobalSection
	GlobalSection(SolutionProperties) = preSolution
		HideSolutionNode = FALSE
	EndGlobalSection
	GlobalSection(ExtensibilityGlobals) = postSolution
		SolutionGuid = {D020AC1D-7EE7-498B-BC91-ABE7D1E814CE}
	EndGlobalSection
EndGlobal
